// !$*UTF8*$!
{
	archiveVersion = 1;
	classes = {
	};
	objectVersion = 50;
	objects = {

/* Begin PBXBuildFile section */
		CECEB42E2433013B004F96A4 /* AppDelegate.swift in Sources */ = {isa = PBXBuildFile; fileRef = CECEB42D2433013B004F96A4 /* AppDelegate.swift */; };
		CECEB4302433013B004F96A4 /* SceneDelegate.swift in Sources */ = {isa = PBXBuildFile; fileRef = CECEB42F2433013B004F96A4 /* SceneDelegate.swift */; };
		CECEB4322433013B004F96A4 /* ViewController.swift in Sources */ = {isa = PBXBuildFile; fileRef = CECEB4312433013B004F96A4 /* ViewController.swift */; };
		CECEB4352433013B004F96A4 /* Main.storyboard in Resources */ = {isa = PBXBuildFile; fileRef = CECEB4332433013B004F96A4 /* Main.storyboard */; };
		CECEB43724330141004F96A4 /* Assets.xcassets in Resources */ = {isa = PBXBuildFile; fileRef = CECEB43624330141004F96A4 /* Assets.xcassets */; };
		CECEB43A24330141004F96A4 /* LaunchScreen.storyboard in Resources */ = {isa = PBXBuildFile; fileRef = CECEB43824330141004F96A4 /* LaunchScreen.storyboard */; };
/* End PBXBuildFile section */

/* Begin PBXFileReference section */
		CECEB42A2433013B004F96A4 /* Local Info.app */ = {isa = PBXFileReference; explicitFileType = wrapper.application; includeInIndex = 0; path = "Local Info.app"; sourceTree = BUILT_PRODUCTS_DIR; };
		CECEB42D2433013B004F96A4 /* AppDelegate.swift */ = {isa = PBXFileReference; lastKnownFileType = sourcecode.swift; path = AppDelegate.swift; sourceTree = "<group>"; };
		CECEB42F2433013B004F96A4 /* SceneDelegate.swift */ = {isa = PBXFileReference; lastKnownFileType = sourcecode.swift; path = SceneDelegate.swift; sourceTree = "<group>"; };
		CECEB4312433013B004F96A4 /* ViewController.swift */ = {isa = PBXFileReference; lastKnownFileType = sourcecode.swift; path = ViewController.swift; sourceTree = "<group>"; };
		CECEB4342433013B004F96A4 /* Base */ = {isa = PBXFileReference; lastKnownFileType = file.storyboard; name = Base; path = Base.lproj/Main.storyboard; sourceTree = "<group>"; };
		CECEB43624330141004F96A4 /* Assets.xcassets */ = {isa = PBXFileReference; lastKnownFileType = folder.assetcatalog; path = Assets.xcassets; sourceTree = "<group>"; };
		CECEB43924330141004F96A4 /* Base */ = {isa = PBXFileReference; lastKnownFileType = file.storyboard; name = Base; path = Base.lproj/LaunchScreen.storyboard; sourceTree = "<group>"; };
		CECEB43B24330141004F96A4 /* Info.plist */ = {isa = PBXFileReference; lastKnownFileType = text.plist.xml; path = Info.plist; sourceTree = "<group>"; };
/* End PBXFileReference section */

/* Begin PBXFrameworksBuildPhase section */
		CECEB4272433013B004F96A4 /* Frameworks */ = {
			isa = PBXFrameworksBuildPhase;
			buildActionMask = 2147483647;
			files = (
			);
			runOnlyForDeploymentPostprocessing = 0;
		};
/* End PBXFrameworksBuildPhase section */

/* Begin PBXGroup section */
		CECEB4212433013B004F96A4 = {
			isa = PBXGroup;
			children = (
				CECEB42C2433013B004F96A4 /* Local Info */,
				CECEB42B2433013B004F96A4 /* Products */,
			);
			sourceTree = "<group>";
		};
		CECEB42B2433013B004F96A4 /* Products */ = {
			isa = PBXGroup;
			children = (
				CECEB42A2433013B004F96A4 /* Local Info.app */,
			);
			name = Products;
			sourceTree = "<group>";
		};
		CECEB42C2433013B004F96A4 /* Local Info */ = {
			isa = PBXGroup;
			children = (
				CECEB42D2433013B004F96A4 /* AppDelegate.swift */,
				CECEB42F2433013B004F96A4 /* SceneDelegate.swift */,
				CECEB4312433013B004F96A4 /* ViewController.swift */,
				CECEB4332433013B004F96A4 /* Main.storyboard */,
				CECEB43624330141004F96A4 /* Assets.xcassets */,
				CECEB43824330141004F96A4 /* LaunchScreen.storyboard */,
				CECEB43B24330141004F96A4 /* Info.plist */,
			);
			path = "Local Info";
			sourceTree = "<group>";
		};
/* End PBXGroup section */

/* Begin PBXNativeTarget section */
		CECEB4292433013B004F96A4 /* Local Info */ = {
			isa = PBXNativeTarget;
			buildConfigurationList = CECEB43E24330141004F96A4 /* Build configuration list for PBXNativeTarget "Local Info" */;
			buildPhases = (
				CECEB4262433013B004F96A4 /* Sources */,
				CECEB4272433013B004F96A4 /* Frameworks */,
				CECEB4282433013B004F96A4 /* Resources */,
			);
			buildRules = (
			);
			dependencies = (
			);
			name = "Local Info";
			productName = "Local Info";
			productReference = CECEB42A2433013B004F96A4 /* Local Info.app */;
			productType = "com.apple.product-type.application";
		};
/* End PBXNativeTarget section */

/* Begin PBXProject section */
		CECEB4222433013B004F96A4 /* Project object */ = {
			isa = PBXProject;
			attributes = {
				LastSwiftUpdateCheck = 1140;
				LastUpgradeCheck = 1140;
				ORGANIZATIONNAME = leslie;
				TargetAttributes = {
					CECEB4292433013B004F96A4 = {
						CreatedOnToolsVersion = 11.4;
					};
				};
			};
			buildConfigurationList = CECEB4252433013B004F96A4 /* Build configuration list for PBXProject "Local Info" */;
			compatibilityVersion = "Xcode 9.3";
			developmentRegion = en;
			hasScannedForEncodings = 0;
			knownRegions = (
				en,
				Base,
			);
			mainGroup = CECEB4212433013B004F96A4;
			productRefGroup = CECEB42B2433013B004F96A4 /* Products */;
			projectDirPath = "";
			projectRoot = "";
			targets = (
				CECEB4292433013B004F96A4 /* Local Info */,
			);
		};
/* End PBXProject section */

/* Begin PBXResourcesBuildPhase section */
		CECEB4282433013B004F96A4 /* Resources */ = {
			isa = PBXResourcesBuildPhase;
			buildActionMask = 2147483647;
			files = (
				CECEB43A24330141004F96A4 /* LaunchScreen.storyboard in Resources */,
				CECEB43724330141004F96A4 /* Assets.xcassets in Resources */,
				CECEB4352433013B004F96A4 /* Main.storyboard in Resources */,
			);
			runOnlyForDeploymentPostprocessing = 0;
		};
/* End PBXResourcesBuildPhase section */

/* Begin PBXSourcesBuildPhase section */
		CECEB4262433013B004F96A4 /* Sources */ = {
			isa = PBXSourcesBuildPhase;
			buildActionMask = 2147483647;
			files = (
				CECEB4322433013B004F96A4 /* ViewController.swift in Sources */,
				CECEB42E2433013B004F96A4 /* AppDelegate.swift in Sources */,
				CECEB4302433013B004F96A4 /* SceneDelegate.swift in Sources */,
			);
			runOnlyForDeploymentPostprocessing = 0;
		};
/* End PBXSourcesBuildPhase section */

/* Begin PBXVariantGroup section */
		CECEB4332433013B004F96A4 /* Main.storyboard */ = {
			isa = PBXVariantGroup;
			children = (
				CECEB4342433013B004F96A4 /* Base */,
			);
			name = Main.storyboard;
			sourceTree = "<group>";
		};
		CECEB43824330141004F96A4 /* LaunchScreen.storyboard */ = {
			isa = PBXVariantGroup;
			children = (
				CECEB43924330141004F96A4 /* Base */,
			);
			name = LaunchScreen.storyboard;
			sourceTree = "<group>";
		};
/* End PBXVariantGroup section */

/* Begin XCBuildConfiguration section */
		CECEB43C24330141004F96A4 /* Debug */ = {
			isa = XCBuildConfiguration;
			buildSettings = {
				ALWAYS_SEARCH_USER_PATHS = NO;
				CLANG_ANALYZER_NONNULL = YES;
				CLANG_ANALYZER_NUMBER_OBJECT_CONVERSION = YES_AGGRESSIVE;
				CLANG_CXX_LANGUAGE_STANDARD = "gnu++14";
				CLANG_CXX_LIBRARY = "libc++";
				CLANG_ENABLE_MODULES = YES;
				CLANG_ENABLE_OBJC_ARC = YES;
				CLANG_ENABLE_OBJC_WEAK = YES;
				CLANG_WARN_BLOCK_CAPTURE_AUTORELEASING = YES;
				CLANG_WARN_BOOL_CONVERSION = YES;
				CLANG_WARN_COMMA = YES;
				CLANG_WARN_CONSTANT_CONVERSION = YES;
				CLANG_WARN_DEPRECATED_OBJC_IMPLEMENTATIONS = YES;
				CLANG_WARN_DIRECT_OBJC_ISA_USAGE = YES_ERROR;
				CLANG_WARN_DOCUMENTATION_COMMENTS = YES;
				CLANG_WARN_EMPTY_BODY = YES;
				CLANG_WARN_ENUM_CONVERSION = YES;
				CLANG_WARN_INFINITE_RECURSION = YES;
				CLANG_WARN_INT_CONVERSION = YES;
				CLANG_WARN_NON_LITERAL_NULL_CONVERSION = YES;
				CLANG_WARN_OBJC_IMPLICIT_RETAIN_SELF = YES;
				CLANG_WARN_OBJC_LITERAL_CONVERSION = YES;
				CLANG_WARN_OBJC_ROOT_CLASS = YES_ERROR;
				CLANG_WARN_RANGE_LOOP_ANALYSIS = YES;
				CLANG_WARN_STRICT_PROTOTYPES = YES;
				CLANG_WARN_SUSPICIOUS_MOVE = YES;
				CLANG_WARN_UNGUARDED_AVAILABILITY = YES_AGGRESSIVE;
				CLANG_WARN_UNREACHABLE_CODE = YES;
				CLANG_WARN__DUPLICATE_METHOD_MATCH = YES;
				COPY_PHASE_STRIP = NO;
				DEBUG_INFORMATION_FORMAT = dwarf;
				ENABLE_STRICT_OBJC_MSGSEND = YES;
				ENABLE_TESTABILITY = YES;
				GCC_C_LANGUAGE_STANDARD = gnu11;
				GCC_DYNAMIC_NO_PIC = NO;
				GCC_NO_COMMON_BLOCKS = YES;
				GCC_OPTIMIZATION_LEVEL = 0;
				GCC_PREPROCESSOR_DEFINITIONS = (
					"DEBUG=1",
					"$(inherited)",
				);
				GCC_WARN_64_TO_32_BIT_CONVERSION = YES;
				GCC_WARN_ABOUT_RETURN_TYPE = YES_ERROR;
				GCC_WARN_UNDECLARED_SELECTOR = YES;
				GCC_WARN_UNINITIALIZED_AUTOS = YES_AGGRESSIVE;
				GCC_WARN_UNUSED_FUNCTION = YES;
				GCC_WARN_UNUSED_VARIABLE = YES;
				IPHONEOS_DEPLOYMENT_TARGET = 13.1;
				MTL_ENABLE_DEBUG_INFO = INCLUDE_SOURCE;
				MTL_FAST_MATH = YES;
				ONLY_ACTIVE_ARCH = YES;
				SDKROOT = iphoneos;
				SWIFT_ACTIVE_COMPILATION_CONDITIONS = DEBUG;
				SWIFT_OPTIMIZATION_LEVEL = "-Onone";
			};
			name = Debug;
		};
		CECEB43D24330141004F96A4 /* Release */ = {
			isa = XCBuildConfiguration;
			buildSettings = {
				ALWAYS_SEARCH_USER_PATHS = NO;
				CLANG_ANALYZER_NONNULL = YES;
				CLANG_ANALYZER_NUMBER_OBJECT_CONVERSION = YES_AGGRESSIVE;
				CLANG_CXX_LANGUAGE_STANDARD = "gnu++14";
				CLANG_CXX_LIBRARY = "libc++";
				CLANG_ENABLE_MODULES = YES;
				CLANG_ENABLE_OBJC_ARC = YES;
				CLANG_ENABLE_OBJC_WEAK = YES;
				CLANG_WARN_BLOCK_CAPTURE_AUTORELEASING = YES;
				CLANG_WARN_BOOL_CONVERSION = YES;
				CLANG_WARN_COMMA = YES;
				CLANG_WARN_CONSTANT_CONVERSION = YES;
				CLANG_WARN_DEPRECATED_OBJC_IMPLEMENTATIONS = YES;
				CLANG_WARN_DIRECT_OBJC_ISA_USAGE = YES_ERROR;
				CLANG_WARN_DOCUMENTATION_COMMENTS = YES;
				CLANG_WARN_EMPTY_BODY = YES;
				CLANG_WARN_ENUM_CONVERSION = YES;
				CLANG_WARN_INFINITE_RECURSION = YES;
				CLANG_WARN_INT_CONVERSION = YES;
				CLANG_WARN_NON_LITERAL_NULL_CONVERSION = YES;
				CLANG_WARN_OBJC_IMPLICIT_RETAIN_SELF = YES;
				CLANG_WARN_OBJC_LITERAL_CONVERSION = YES;
				CLANG_WARN_OBJC_ROOT_CLASS = YES_ERROR;
				CLANG_WARN_RANGE_LOOP_ANALYSIS = YES;
				CLANG_WARN_STRICT_PROTOTYPES = YES;
				CLANG_WARN_SUSPICIOUS_MOVE = YES;
				CLANG_WARN_UNGUARDED_AVAILABILITY = YES_AGGRESSIVE;
				CLANG_WARN_UNREACHABLE_CODE = YES;
				CLANG_WARN__DUPLICATE_METHOD_MATCH = YES;
				COPY_PHASE_STRIP = NO;
				DEBUG_INFORMATION_FORMAT = "dwarf-with-dsym";
				ENABLE_NS_ASSERTIONS = NO;
				ENABLE_STRICT_OBJC_MSGSEND = YES;
				GCC_C_LANGUAGE_STANDARD = gnu11;
				GCC_NO_COMMON_BLOCKS = YES;
				GCC_WARN_64_TO_32_BIT_CONVERSION = YES;
				GCC_WARN_ABOUT_RETURN_TYPE = YES_ERROR;
				GCC_WARN_UNDECLARED_SELECTOR = YES;
				GCC_WARN_UNINITIALIZED_AUTOS = YES_AGGRESSIVE;
				GCC_WARN_UNUSED_FUNCTION = YES;
				GCC_WARN_UNUSED_VARIABLE = YES;
				IPHONEOS_DEPLOYMENT_TARGET = 13.1;
				MTL_ENABLE_DEBUG_INFO = NO;
				MTL_FAST_MATH = YES;
				SDKROOT = iphoneos;
				SWIFT_COMPILATION_MODE = wholemodule;
				SWIFT_OPTIMIZATION_LEVEL = "-O";
				VALIDATE_PRODUCT = YES;
			};
			name = Release;
		};
		CECEB43F24330141004F96A4 /* Debug */ = {
			isa = XCBuildConfiguration;
			buildSettings = {
				ASSETCATALOG_COMPILER_APPICON_NAME = AppIcon;
				CODE_SIGN_STYLE = Automatic;
				DEVELOPMENT_TEAM = PDY29GF949;
				INFOPLIST_FILE = "Local Info/Info.plist";
				LD_RUNPATH_SEARCH_PATHS = (
					"$(inherited)",
					"@executable_path/Frameworks",
				);
				PRODUCT_BUNDLE_IDENTIFIER = "com.gmail.appl.leslie.Local-Info";
				PRODUCT_NAME = "$(TARGET_NAME)";
				SWIFT_VERSION = 5.0;
				TARGETED_DEVICE_FAMILY = "1,2";
			};
			name = Debug;
		};
		CECEB44024330141004F96A4 /* Release */ = {
			isa = XCBuildConfiguration;
			buildSettings = {
				ASSETCATALOG_COMPILER_APPICON_NAME = AppIcon;
				CODE_SIGN_STYLE = Automatic;
				DEVELOPMENT_TEAM = PDY29GF949;
				INFOPLIST_FILE = "Local Info/Info.plist";
				LD_RUNPATH_SEARCH_PATHS = (
					"$(inherited)",
					"@executable_path/Frameworks",
				);
				PRODUCT_BUNDLE_IDENTIFIER = "com.gmail.appl.leslie.Local-Info";
				PRODUCT_NAME = "$(TARGET_NAME)";
				SWIFT_VERSION = 5.0;
				TARGETED_DEVICE_FAMILY = "1,2";
			};
			name = Release;
		};
/* End XCBuildConfiguration section */

/* Begin XCConfigurationList section */
		CECEB4252433013B004F96A4 /* Build configuration list for PBXProject "Local Info" */ = {
			isa = XCConfigurationList;
			buildConfigurations = (
				CECEB43C24330141004F96A4 /* Debug */,
				CECEB43D24330141004F96A4 /* Release */,
			);
			defaultConfigurationIsVisible = 0;
			defaultConfigurationName = Release;
		};
		CECEB43E24330141004F96A4 /* Build configuration list for PBXNativeTarget "Local Info" */ = {
			isa = XCConfigurationList;
			buildConfigurations = (
				CECEB43F24330141004F96A4 /* Debug */,
				CECEB44024330141004F96A4 /* Release */,
			);
			defaultConfigurationIsVisible = 0;
			defaultConfigurationName = Release;
		};
/* End XCConfigurationList section */
	};
	rootObject = CECEB4222433013B004F96A4 /* Project object */;
}
